
Microsoft Visual Studio Solution File, Format Version 12.00
# Visual Studio Version 17
VisualStudioVersion = 17.5.33516.290
MinimumVisualStudioVersion = 10.0.40219.1
Project("{FAE04EC0-301F-11D3-BF4B-00C04F79EFBC}") = "PRACTICA_XML-JSON Miguel Perez", "PRACTICA_XML-JSON Miguel Perez\PRACTICA_XML-JSON Miguel Perez.csproj", "{320A162F-2A64-4316-959C-66665EF6EFCC}"
EndProject
Global
	GlobalSection(SolutionConfigurationPlatforms) = preSolution
		Debug|Any CPU = Debug|Any CPU
		Release|Any CPU = Release|Any CPU
	EndGlobalSection
	GlobalSection(ProjectConfigurationPlatforms) = postSolution
		{320A162F-2A64-4316-959C-66665EF6EFCC}.Debug|Any CPU.ActiveCfg = Debug|Any CPU
		{320A162F-2A64-4316-959C-66665EF6EFCC}.Debug|Any CPU.Build.0 = Debug|Any CPU
		{320A162F-2A64-4316-959C-66665EF6EFCC}.Release|Any CPU.ActiveCfg = Release|Any CPU
		{320A162F-2A64-4316-959C-66665EF6EFCC}.Release|Any CPU.Build.0 = Release|Any CPU
	EndGlobalSection
	GlobalSection(SolutionProperties) = preSolution
		HideSolutionNode = FALSE
	EndGlobalSection
	GlobalSection(ExtensibilityGlobals) = postSolution
		SolutionGuid = {EFECCD3E-4435-4706-8C43-4E66DA8A8F6F}
	EndGlobalSection
EndGlobal
